
Microsoft Visual Studio Solution File, Format Version 12.00
# Visual Studio Version 17
VisualStudioVersion = 17.7.34202.233
MinimumVisualStudioVersion = 10.0.40219.1
Project("{8BC9CEB8-8B4A-11D0-8D11-00A0C91BC942}") = "Space Havoc", "Space Havoc.vcxproj", "{17291A4C-49CA-4F6E-B0A3-0157D26F826C}"
EndProject
Global
	GlobalSection(SolutionConfigurationPlatforms) = preSolution
		Debug|x64 = Debug|x64
		Debug|x86 = Debug|x86
		Release|x64 = Release|x64
		Release|x86 = Release|x86
	EndGlobalSection
	GlobalSection(ProjectConfigurationPlatforms) = postSolution
		{17291A4C-49CA-4F6E-B0A3-0157D26F826C}.Debug|x64.ActiveCfg = Debug|x64
		{17291A4C-49CA-4F6E-B0A3-0157D26F826C}.Debug|x64.Build.0 = Debug|x64
		{17291A4C-49CA-4F6E-B0A3-0157D26F826C}.Debug|x86.ActiveCfg = Debug|Win32
		{17291A4C-49CA-4F6E-B0A3-0157D26F826C}.Debug|x86.Build.0 = Debug|Win32
		{17291A4C-49CA-4F6E-B0A3-0157D26F826C}.Release|x64.ActiveCfg = Release|x64
		{17291A4C-49CA-4F6E-B0A3-0157D26F826C}.Release|x64.Build.0 = Release|x64
		{17291A4C-49CA-4F6E-B0A3-0157D26F826C}.Release|x86.ActiveCfg = Release|Win32
		{17291A4C-49CA-4F6E-B0A3-0157D26F826C}.Release|x86.Build.0 = Release|Win32
	EndGlobalSection
	GlobalSection(SolutionProperties) = preSolution
		HideSolutionNode = FALSE
	EndGlobalSection
	GlobalSection(ExtensibilityGlobals) = postSolution
		SolutionGuid = {A58D4152-96A7-419E-AA8B-A16233A13269}
	EndGlobalSection
EndGlobal
